
Microsoft Visual Studio Solution File, Format Version 12.00
# Visual Studio Version 16
VisualStudioVersion = 16.0.28803.202
MinimumVisualStudioVersion = 10.0.40219.1
Project("{9A19103F-16F7-4668-BE54-9A1E7A4F7556}") = "GameBox", "GameBox\GameBox.csproj", "{4D5F07AF-13DC-431E-BC54-743FC08C0F50}"
EndProject
Project("{9A19103F-16F7-4668-BE54-9A1E7A4F7556}") = "RenderCore", "RenderCore\RenderCore.csproj", "{3B15D191-D255-4CC6-8772-79ECAA0312D2}"
EndProject
Project("{FAE04EC0-301F-11D3-BF4B-00C04F79EFBC}") = "BepuSample", "BepuSample\BepuSample.csproj", "{F52B8848-997B-4833-98C2-3754209FF5F4}"
EndProject
Global
	GlobalSection(SolutionConfigurationPlatforms) = preSolution
		Debug|Any CPU = Debug|Any CPU
		Release|Any CPU = Release|Any CPU
	EndGlobalSection
	GlobalSection(ProjectConfigurationPlatforms) = postSolution
		{4D5F07AF-13DC-431E-BC54-743FC08C0F50}.Debug|Any CPU.ActiveCfg = Debug|Any CPU
		{4D5F07AF-13DC-431E-BC54-743FC08C0F50}.Debug|Any CPU.Build.0 = Debug|Any CPU
		{4D5F07AF-13DC-431E-BC54-743FC08C0F50}.Release|Any CPU.ActiveCfg = Release|Any CPU
		{4D5F07AF-13DC-431E-BC54-743FC08C0F50}.Release|Any CPU.Build.0 = Release|Any CPU
		{3B15D191-D255-4CC6-8772-79ECAA0312D2}.Debug|Any CPU.ActiveCfg = Debug|Any CPU
		{3B15D191-D255-4CC6-8772-79ECAA0312D2}.Debug|Any CPU.Build.0 = Debug|Any CPU
		{3B15D191-D255-4CC6-8772-79ECAA0312D2}.Release|Any CPU.ActiveCfg = Release|Any CPU
		{3B15D191-D255-4CC6-8772-79ECAA0312D2}.Release|Any CPU.Build.0 = Release|Any CPU
		{F52B8848-997B-4833-98C2-3754209FF5F4}.Debug|Any CPU.ActiveCfg = Debug|Any CPU
		{F52B8848-997B-4833-98C2-3754209FF5F4}.Debug|Any CPU.Build.0 = Debug|Any CPU
		{F52B8848-997B-4833-98C2-3754209FF5F4}.Release|Any CPU.ActiveCfg = Release|Any CPU
		{F52B8848-997B-4833-98C2-3754209FF5F4}.Release|Any CPU.Build.0 = Release|Any CPU
	EndGlobalSection
	GlobalSection(SolutionProperties) = preSolution
		HideSolutionNode = FALSE
	EndGlobalSection
	GlobalSection(ExtensibilityGlobals) = postSolution
		SolutionGuid = {A6D13DF4-98DC-4638-8ED9-D56F6AE502DD}
	EndGlobalSection
EndGlobal
