
Microsoft Visual Studio Solution File, Format Version 12.00
# Visual Studio Version 16
VisualStudioVersion = 16.0.28803.202
MinimumVisualStudioVersion = 10.0.40219.1
Project("{9A19103F-16F7-4668-BE54-9A1E7A4F7556}") = "GameBox", "GameBox\GameBox.csproj", "{4D5F07AF-13DC-431E-BC54-743FC08C0F50}"
EndProject
Project("{9A19103F-16F7-4668-BE54-9A1E7A4F7556}") = "RenderCore", "RenderCore\RenderCore.csproj", "{3B15D191-D255-4CC6-8772-79ECAA0312D2}"
EndProject
Project("{9A19103F-16F7-4668-BE54-9A1E7A4F7556}") = "Common", "Common\Common.csproj", "{61546957-2F60-48D5-BECD-97C2E7F88918}"
EndProject
Project("{9A19103F-16F7-4668-BE54-9A1E7A4F7556}") = "ResourceUtilities", "ResourceUtilities\ResourceUtilities.csproj", "{EDE8E788-1730-4E64-B42A-15E44A0C6891}"
EndProject
Project("{9A19103F-16F7-4668-BE54-9A1E7A4F7556}") = "GameResources", "GameResources\GameResources.csproj", "{D08CCF0A-1DB5-437E-8DCC-486DAEACEB81}"
EndProject
Project("{9A19103F-16F7-4668-BE54-9A1E7A4F7556}") = "GameCore", "GameCore\GameCore.csproj", "{F357E829-C418-4F8A-B2AB-B6D5EFD4C772}"
EndProject
Project("{9A19103F-16F7-4668-BE54-9A1E7A4F7556}") = "PhysicsCore", "PhysicsCore\PhysicsCore.csproj", "{DFADD96F-2328-46F1-AFF9-D87668A51703}"
EndProject
Project("{9A19103F-16F7-4668-BE54-9A1E7A4F7556}") = "LibExtensions", "LibExtensions\LibExtensions.csproj", "{2DCF143F-B8E7-488A-88E9-DF5CC807BE48}"
EndProject
Project("{9A19103F-16F7-4668-BE54-9A1E7A4F7556}") = "BitmapUtilities", "BitmapUtilities\BitmapUtilities.csproj", "{F5B6FC3B-24AB-47EB-AAD3-AF1585A29A1E}"
EndProject
Project("{9A19103F-16F7-4668-BE54-9A1E7A4F7556}") = "MarchingSquares", "MarchingSquares\MarchingSquares.csproj", "{3F40F3DA-9EBC-4E27-BBC9-03591909D61D}"
EndProject
Project("{2150E333-8FDC-42A3-9474-1A3956D46DE8}") = "Tests", "Tests", "{6CD419D6-EDF5-428A-94A2-141B48C3255D}"
EndProject
Project("{9A19103F-16F7-4668-BE54-9A1E7A4F7556}") = "MarchingSquares.Tests", "MarchingSquares.Tests\MarchingSquares.Tests.csproj", "{569BB76E-BDCF-43B7-8581-111FF2CA38A8}"
EndProject
Project("{2150E333-8FDC-42A3-9474-1A3956D46DE8}") = "Solution Items", "Solution Items", "{31481635-2847-4100-9B4C-619E88B90C4E}"
	ProjectSection(SolutionItems) = preProject
		todo.txt = todo.txt
	EndProjectSection
EndProject
Project("{2150E333-8FDC-42A3-9474-1A3956D46DE8}") = "Utilities", "Utilities", "{4808D44E-507D-4CDE-8FA0-C82D1ACCD71F}"
EndProject
Project("{9A19103F-16F7-4668-BE54-9A1E7A4F7556}") = "ResourceGenerator", "ResourceGenerator\ResourceGenerator.csproj", "{39984616-5ACF-494F-9106-82A9FA2F7CF2}"
EndProject
Project("{9A19103F-16F7-4668-BE54-9A1E7A4F7556}") = "Common.Tests", "Common.Tests\Common.Tests.csproj", "{2A48AB34-2145-4BD9-9095-DF769CC4B9CE}"
EndProject
Project("{9A19103F-16F7-4668-BE54-9A1E7A4F7556}") = "IOUtilities", "IOUtilities\IOUtilities.csproj", "{6E61C5B3-0AE4-44B9-BF3B-145616A1F4AF}"
EndProject
Project("{9A19103F-16F7-4668-BE54-9A1E7A4F7556}") = "IOUtilities.Tests", "IOUtilities.Tests\IOUtilities.Tests.csproj", "{8BA40FF4-612E-42D0-8B56-165FB4ED54BF}"
EndProject
Project("{2150E333-8FDC-42A3-9474-1A3956D46DE8}") = "Sandboxes", "Sandboxes", "{CDBC2DAA-34DE-4BDA-A625-90C9223EDA44}"
EndProject
Project("{9A19103F-16F7-4668-BE54-9A1E7A4F7556}") = "Games", "Games\Games.csproj", "{C19B0E14-C928-499D-919A-6BAEE5490E5D}"
EndProject
Global
	GlobalSection(SolutionConfigurationPlatforms) = preSolution
		Debug|Any CPU = Debug|Any CPU
		Release|Any CPU = Release|Any CPU
	EndGlobalSection
	GlobalSection(ProjectConfigurationPlatforms) = postSolution
		{4D5F07AF-13DC-431E-BC54-743FC08C0F50}.Debug|Any CPU.ActiveCfg = Debug|Any CPU
		{4D5F07AF-13DC-431E-BC54-743FC08C0F50}.Debug|Any CPU.Build.0 = Debug|Any CPU
		{4D5F07AF-13DC-431E-BC54-743FC08C0F50}.Release|Any CPU.ActiveCfg = Release|Any CPU
		{4D5F07AF-13DC-431E-BC54-743FC08C0F50}.Release|Any CPU.Build.0 = Release|Any CPU
		{3B15D191-D255-4CC6-8772-79ECAA0312D2}.Debug|Any CPU.ActiveCfg = Debug|Any CPU
		{3B15D191-D255-4CC6-8772-79ECAA0312D2}.Debug|Any CPU.Build.0 = Debug|Any CPU
		{3B15D191-D255-4CC6-8772-79ECAA0312D2}.Release|Any CPU.ActiveCfg = Release|Any CPU
		{3B15D191-D255-4CC6-8772-79ECAA0312D2}.Release|Any CPU.Build.0 = Release|Any CPU
		{61546957-2F60-48D5-BECD-97C2E7F88918}.Debug|Any CPU.ActiveCfg = Debug|Any CPU
		{61546957-2F60-48D5-BECD-97C2E7F88918}.Debug|Any CPU.Build.0 = Debug|Any CPU
		{61546957-2F60-48D5-BECD-97C2E7F88918}.Release|Any CPU.ActiveCfg = Release|Any CPU
		{61546957-2F60-48D5-BECD-97C2E7F88918}.Release|Any CPU.Build.0 = Release|Any CPU
		{EDE8E788-1730-4E64-B42A-15E44A0C6891}.Debug|Any CPU.ActiveCfg = Debug|Any CPU
		{EDE8E788-1730-4E64-B42A-15E44A0C6891}.Debug|Any CPU.Build.0 = Debug|Any CPU
		{EDE8E788-1730-4E64-B42A-15E44A0C6891}.Release|Any CPU.ActiveCfg = Release|Any CPU
		{EDE8E788-1730-4E64-B42A-15E44A0C6891}.Release|Any CPU.Build.0 = Release|Any CPU
		{D08CCF0A-1DB5-437E-8DCC-486DAEACEB81}.Debug|Any CPU.ActiveCfg = Debug|Any CPU
		{D08CCF0A-1DB5-437E-8DCC-486DAEACEB81}.Debug|Any CPU.Build.0 = Debug|Any CPU
		{D08CCF0A-1DB5-437E-8DCC-486DAEACEB81}.Release|Any CPU.ActiveCfg = Release|Any CPU
		{D08CCF0A-1DB5-437E-8DCC-486DAEACEB81}.Release|Any CPU.Build.0 = Release|Any CPU
		{F357E829-C418-4F8A-B2AB-B6D5EFD4C772}.Debug|Any CPU.ActiveCfg = Debug|Any CPU
		{F357E829-C418-4F8A-B2AB-B6D5EFD4C772}.Debug|Any CPU.Build.0 = Debug|Any CPU
		{F357E829-C418-4F8A-B2AB-B6D5EFD4C772}.Release|Any CPU.ActiveCfg = Release|Any CPU
		{F357E829-C418-4F8A-B2AB-B6D5EFD4C772}.Release|Any CPU.Build.0 = Release|Any CPU
		{DFADD96F-2328-46F1-AFF9-D87668A51703}.Debug|Any CPU.ActiveCfg = Debug|Any CPU
		{DFADD96F-2328-46F1-AFF9-D87668A51703}.Debug|Any CPU.Build.0 = Debug|Any CPU
		{DFADD96F-2328-46F1-AFF9-D87668A51703}.Release|Any CPU.ActiveCfg = Release|Any CPU
		{DFADD96F-2328-46F1-AFF9-D87668A51703}.Release|Any CPU.Build.0 = Release|Any CPU
		{2DCF143F-B8E7-488A-88E9-DF5CC807BE48}.Debug|Any CPU.ActiveCfg = Debug|Any CPU
		{2DCF143F-B8E7-488A-88E9-DF5CC807BE48}.Debug|Any CPU.Build.0 = Debug|Any CPU
		{2DCF143F-B8E7-488A-88E9-DF5CC807BE48}.Release|Any CPU.ActiveCfg = Release|Any CPU
		{2DCF143F-B8E7-488A-88E9-DF5CC807BE48}.Release|Any CPU.Build.0 = Release|Any CPU
		{F5B6FC3B-24AB-47EB-AAD3-AF1585A29A1E}.Debug|Any CPU.ActiveCfg = Debug|Any CPU
		{F5B6FC3B-24AB-47EB-AAD3-AF1585A29A1E}.Debug|Any CPU.Build.0 = Debug|Any CPU
		{F5B6FC3B-24AB-47EB-AAD3-AF1585A29A1E}.Release|Any CPU.ActiveCfg = Release|Any CPU
		{F5B6FC3B-24AB-47EB-AAD3-AF1585A29A1E}.Release|Any CPU.Build.0 = Release|Any CPU
		{3F40F3DA-9EBC-4E27-BBC9-03591909D61D}.Debug|Any CPU.ActiveCfg = Debug|Any CPU
		{3F40F3DA-9EBC-4E27-BBC9-03591909D61D}.Debug|Any CPU.Build.0 = Debug|Any CPU
		{3F40F3DA-9EBC-4E27-BBC9-03591909D61D}.Release|Any CPU.ActiveCfg = Release|Any CPU
		{3F40F3DA-9EBC-4E27-BBC9-03591909D61D}.Release|Any CPU.Build.0 = Release|Any CPU
		{569BB76E-BDCF-43B7-8581-111FF2CA38A8}.Debug|Any CPU.ActiveCfg = Debug|Any CPU
		{569BB76E-BDCF-43B7-8581-111FF2CA38A8}.Debug|Any CPU.Build.0 = Debug|Any CPU
		{569BB76E-BDCF-43B7-8581-111FF2CA38A8}.Release|Any CPU.ActiveCfg = Release|Any CPU
		{569BB76E-BDCF-43B7-8581-111FF2CA38A8}.Release|Any CPU.Build.0 = Release|Any CPU
		{39984616-5ACF-494F-9106-82A9FA2F7CF2}.Debug|Any CPU.ActiveCfg = Debug|Any CPU
		{39984616-5ACF-494F-9106-82A9FA2F7CF2}.Debug|Any CPU.Build.0 = Debug|Any CPU
		{39984616-5ACF-494F-9106-82A9FA2F7CF2}.Release|Any CPU.ActiveCfg = Release|Any CPU
		{39984616-5ACF-494F-9106-82A9FA2F7CF2}.Release|Any CPU.Build.0 = Release|Any CPU
		{2A48AB34-2145-4BD9-9095-DF769CC4B9CE}.Debug|Any CPU.ActiveCfg = Debug|Any CPU
		{2A48AB34-2145-4BD9-9095-DF769CC4B9CE}.Debug|Any CPU.Build.0 = Debug|Any CPU
		{2A48AB34-2145-4BD9-9095-DF769CC4B9CE}.Release|Any CPU.ActiveCfg = Release|Any CPU
		{2A48AB34-2145-4BD9-9095-DF769CC4B9CE}.Release|Any CPU.Build.0 = Release|Any CPU
		{6E61C5B3-0AE4-44B9-BF3B-145616A1F4AF}.Debug|Any CPU.ActiveCfg = Debug|Any CPU
		{6E61C5B3-0AE4-44B9-BF3B-145616A1F4AF}.Debug|Any CPU.Build.0 = Debug|Any CPU
		{6E61C5B3-0AE4-44B9-BF3B-145616A1F4AF}.Release|Any CPU.ActiveCfg = Release|Any CPU
		{6E61C5B3-0AE4-44B9-BF3B-145616A1F4AF}.Release|Any CPU.Build.0 = Release|Any CPU
		{8BA40FF4-612E-42D0-8B56-165FB4ED54BF}.Debug|Any CPU.ActiveCfg = Debug|Any CPU
		{8BA40FF4-612E-42D0-8B56-165FB4ED54BF}.Debug|Any CPU.Build.0 = Debug|Any CPU
		{8BA40FF4-612E-42D0-8B56-165FB4ED54BF}.Release|Any CPU.ActiveCfg = Release|Any CPU
		{8BA40FF4-612E-42D0-8B56-165FB4ED54BF}.Release|Any CPU.Build.0 = Release|Any CPU
		{C19B0E14-C928-499D-919A-6BAEE5490E5D}.Debug|Any CPU.ActiveCfg = Debug|Any CPU
		{C19B0E14-C928-499D-919A-6BAEE5490E5D}.Debug|Any CPU.Build.0 = Debug|Any CPU
		{C19B0E14-C928-499D-919A-6BAEE5490E5D}.Release|Any CPU.ActiveCfg = Release|Any CPU
		{C19B0E14-C928-499D-919A-6BAEE5490E5D}.Release|Any CPU.Build.0 = Release|Any CPU
	EndGlobalSection
	GlobalSection(SolutionProperties) = preSolution
		HideSolutionNode = FALSE
	EndGlobalSection
	GlobalSection(NestedProjects) = preSolution
		{4D5F07AF-13DC-431E-BC54-743FC08C0F50} = {CDBC2DAA-34DE-4BDA-A625-90C9223EDA44}
		{569BB76E-BDCF-43B7-8581-111FF2CA38A8} = {6CD419D6-EDF5-428A-94A2-141B48C3255D}
		{39984616-5ACF-494F-9106-82A9FA2F7CF2} = {4808D44E-507D-4CDE-8FA0-C82D1ACCD71F}
		{2A48AB34-2145-4BD9-9095-DF769CC4B9CE} = {6CD419D6-EDF5-428A-94A2-141B48C3255D}
		{8BA40FF4-612E-42D0-8B56-165FB4ED54BF} = {6CD419D6-EDF5-428A-94A2-141B48C3255D}
		{C19B0E14-C928-499D-919A-6BAEE5490E5D} = {CDBC2DAA-34DE-4BDA-A625-90C9223EDA44}
	EndGlobalSection
	GlobalSection(ExtensibilityGlobals) = postSolution
		SolutionGuid = {A6D13DF4-98DC-4638-8ED9-D56F6AE502DD}
	EndGlobalSection
EndGlobal
